
Microsoft Visual Studio Solution File, Format Version 12.00
# Visual Studio Version 18
VisualStudioVersion = 18.4.11513.90 insiders
MinimumVisualStudioVersion = 10.0.40219.1
Project("{9A19103F-16F7-4668-BE54-9A1E7A4F7556}") = "Onvif.Core", "Onvif.Core.csproj", "{3235B0D4-50F8-4B2D-A71C-437ACD7D83C4}"
EndProject
Project("{FAE04EC0-301F-11D3-BF4B-00C04F79EFBC}") = "Onvif.Core.Test", "..\Onvif.Core.Test\Onvif.Core.Test.csproj", "{DA67C613-AAAF-4E35-8A45-5681F069EE9B}"
EndProject
Project("{2150E333-8FDC-42A3-9474-1A3956D46DE8}") = "build-tasks", "build-tasks", "{C9DCF315-99DC-4C63-A4DD-287A18568748}"
	ProjectSection(SolutionItems) = preProject
		publishPackage.ps1 = publishPackage.ps1
	EndProjectSection
EndProject
Global
	GlobalSection(SolutionConfigurationPlatforms) = preSolution
		Debug|Any CPU = Debug|Any CPU
		Release|Any CPU = Release|Any CPU
	EndGlobalSection
	GlobalSection(ProjectConfigurationPlatforms) = postSolution
		{3235B0D4-50F8-4B2D-A71C-437ACD7D83C4}.Debug|Any CPU.ActiveCfg = Debug|Any CPU
		{3235B0D4-50F8-4B2D-A71C-437ACD7D83C4}.Debug|Any CPU.Build.0 = Debug|Any CPU
		{3235B0D4-50F8-4B2D-A71C-437ACD7D83C4}.Release|Any CPU.ActiveCfg = Release|Any CPU
		{3235B0D4-50F8-4B2D-A71C-437ACD7D83C4}.Release|Any CPU.Build.0 = Release|Any CPU
		{DA67C613-AAAF-4E35-8A45-5681F069EE9B}.Debug|Any CPU.ActiveCfg = Debug|Any CPU
		{DA67C613-AAAF-4E35-8A45-5681F069EE9B}.Debug|Any CPU.Build.0 = Debug|Any CPU
		{DA67C613-AAAF-4E35-8A45-5681F069EE9B}.Release|Any CPU.ActiveCfg = Release|Any CPU
		{DA67C613-AAAF-4E35-8A45-5681F069EE9B}.Release|Any CPU.Build.0 = Release|Any CPU
	EndGlobalSection
	GlobalSection(SolutionProperties) = preSolution
		HideSolutionNode = FALSE
	EndGlobalSection
	GlobalSection(ExtensibilityGlobals) = postSolution
		SolutionGuid = {4C9A367E-45E0-4B02-BA8E-0839A356DC0B}
	EndGlobalSection
EndGlobal
